
Microsoft Visual Studio Solution File, Format Version 12.00
# Visual Studio Version 16
VisualStudioVersion = 16.0.36128.20
MinimumVisualStudioVersion = 10.0.40219.1
Project("{FAE04EC0-301F-11D3-BF4B-00C04F79EFBC}") = "CreateCreationPlugin", "CreateCreationPlugin.csproj", "{AEFECF90-3903-432B-ACF4-21330CCB2711}"
EndProject
Global
	GlobalSection(SolutionConfigurationPlatforms) = preSolution
		Debug|Any CPU = Debug|Any CPU
		Release|Any CPU = Release|Any CPU
	EndGlobalSection
	GlobalSection(ProjectConfigurationPlatforms) = postSolution
		{AEFECF90-3903-432B-ACF4-21330CCB2711}.Debug|Any CPU.ActiveCfg = Debug|Any CPU
		{AEFECF90-3903-432B-ACF4-21330CCB2711}.Debug|Any CPU.Build.0 = Debug|Any CPU
		{AEFECF90-3903-432B-ACF4-21330CCB2711}.Release|Any CPU.ActiveCfg = Release|Any CPU
		{AEFECF90-3903-432B-ACF4-21330CCB2711}.Release|Any CPU.Build.0 = Release|Any CPU
	EndGlobalSection
	GlobalSection(SolutionProperties) = preSolution
		HideSolutionNode = FALSE
	EndGlobalSection
	GlobalSection(ExtensibilityGlobals) = postSolution
		SolutionGuid = {AFD6A3A1-A64C-42E1-B948-C0D5996D3BDB}
	EndGlobalSection
EndGlobal
